
Microsoft Visual Studio Solution File, Format Version 12.00
# Visual Studio 15
VisualStudioVersion = 15.0.27428.2015
MinimumVisualStudioVersion = 10.0.40219.1
Project("{FAE04EC0-301F-11D3-BF4B-00C04F79EFBC}") = "AutoLotWebService", "AutoLotWebService\AutoLotWebService.csproj", "{6BF7FF7E-7A30-4DD5-9210-AF43FD6483E5}"
EndProject
Project("{FAE04EC0-301F-11D3-BF4B-00C04F79EFBC}") = "AutoLotWebService_Client", "AutoLotWebService_Client\AutoLotWebService_Client.csproj", "{9774E5DD-4A46-412F-BB05-ACE14507056B}"
	ProjectSection(ProjectDependencies) = postProject
		{6BF7FF7E-7A30-4DD5-9210-AF43FD6483E5} = {6BF7FF7E-7A30-4DD5-9210-AF43FD6483E5}
	EndProjectSection
EndProject
Global
	GlobalSection(SolutionConfigurationPlatforms) = preSolution
		Debug|Any CPU = Debug|Any CPU
		Release|Any CPU = Release|Any CPU
	EndGlobalSection
	GlobalSection(ProjectConfigurationPlatforms) = postSolution
		{6BF7FF7E-7A30-4DD5-9210-AF43FD6483E5}.Debug|Any CPU.ActiveCfg = Debug|Any CPU
		{6BF7FF7E-7A30-4DD5-9210-AF43FD6483E5}.Debug|Any CPU.Build.0 = Debug|Any CPU
		{6BF7FF7E-7A30-4DD5-9210-AF43FD6483E5}.Release|Any CPU.ActiveCfg = Release|Any CPU
		{6BF7FF7E-7A30-4DD5-9210-AF43FD6483E5}.Release|Any CPU.Build.0 = Release|Any CPU
		{9774E5DD-4A46-412F-BB05-ACE14507056B}.Debug|Any CPU.ActiveCfg = Debug|Any CPU
		{9774E5DD-4A46-412F-BB05-ACE14507056B}.Debug|Any CPU.Build.0 = Debug|Any CPU
		{9774E5DD-4A46-412F-BB05-ACE14507056B}.Release|Any CPU.ActiveCfg = Release|Any CPU
		{9774E5DD-4A46-412F-BB05-ACE14507056B}.Release|Any CPU.Build.0 = Release|Any CPU
	EndGlobalSection
	GlobalSection(SolutionProperties) = preSolution
		HideSolutionNode = FALSE
	EndGlobalSection
	GlobalSection(ExtensibilityGlobals) = postSolution
		SolutionGuid = {4710DAF8-3F65-4C59-9CAA-5BDA063D323E}
	EndGlobalSection
EndGlobal
